// !$*UTF8*$!
{
	archiveVersion = 1;
	classes = {
	};
	objectVersion = 55;
	objects = {

/* Begin PBXBuildFile section */
		830023112709FDEC00ADE933 /* AnimatedHeartDemo.swift in Sources */ = {isa = PBXBuildFile; fileRef = 830023102709FDEC00ADE933 /* AnimatedHeartDemo.swift */; };
		83002313270A191200ADE933 /* VisualisingCustomTimingCurvesDemo.swift in Sources */ = {isa = PBXBuildFile; fileRef = 83002312270A191200ADE933 /* VisualisingCustomTimingCurvesDemo.swift */; };
		83002315270A308D00ADE933 /* CaptainAmericaShield.swift in Sources */ = {isa = PBXBuildFile; fileRef = 83002314270A308D00ADE933 /* CaptainAmericaShield.swift */; };
		830ECBF0271CB697006F48FC /* StickyToggle.swift in Sources */ = {isa = PBXBuildFile; fileRef = 830ECBEF271CB697006F48FC /* StickyToggle.swift */; };
		83263D4D2708BF920017BBFC /* ScratchApp.swift in Sources */ = {isa = PBXBuildFile; fileRef = 83263D4C2708BF920017BBFC /* ScratchApp.swift */; };
		83263D4F2708BF920017BBFC /* MyFitnessPalAddAnimation.swift in Sources */ = {isa = PBXBuildFile; fileRef = 83263D4E2708BF920017BBFC /* MyFitnessPalAddAnimation.swift */; };
		83263D512708BF930017BBFC /* Assets.xcassets in Resources */ = {isa = PBXBuildFile; fileRef = 83263D502708BF930017BBFC /* Assets.xcassets */; };
		83263D542708BF930017BBFC /* Preview Assets.xcassets in Resources */ = {isa = PBXBuildFile; fileRef = 83263D532708BF930017BBFC /* Preview Assets.xcassets */; };
		83263D5D2708C0FE0017BBFC /* PureSwiftUI in Frameworks */ = {isa = PBXBuildFile; productRef = 83263D5C2708C0FE0017BBFC /* PureSwiftUI */; };
		83263D5F2708EDB40017BBFC /* GridLayoutArrowDemo.swift in Sources */ = {isa = PBXBuildFile; fileRef = 83263D5E2708EDB40017BBFC /* GridLayoutArrowDemo.swift */; };
		83263D612708F36E0017BBFC /* PolarLayoutStarDemo.swift in Sources */ = {isa = PBXBuildFile; fileRef = 83263D602708F36E0017BBFC /* PolarLayoutStarDemo.swift */; };
		83263D632708F93A0017BBFC /* HeartDemo.swift in Sources */ = {isa = PBXBuildFile; fileRef = 83263D622708F93A0017BBFC /* HeartDemo.swift */; };
		83263D652709F81C0017BBFC /* AnimatedArrowDemo.swift in Sources */ = {isa = PBXBuildFile; fileRef = 83263D642709F81C0017BBFC /* AnimatedArrowDemo.swift */; };
		83320611270B429A006B8B25 /* AnimatedApertureDemo.swift in Sources */ = {isa = PBXBuildFile; fileRef = 83320610270B429A006B8B25 /* AnimatedApertureDemo.swift */; };
		83BB9242270CC94C00C1E842 /* UpArrowToTickIconDemo.swift in Sources */ = {isa = PBXBuildFile; fileRef = 83BB9241270CC94C00C1E842 /* UpArrowToTickIconDemo.swift */; };
		83D63DFF271F1AFD005C56D2 /* ShazamOpeningAnimation.swift in Sources */ = {isa = PBXBuildFile; fileRef = 83D63DFE271F1AFD005C56D2 /* ShazamOpeningAnimation.swift */; };
		83D63E01271F31C0005C56D2 /* PhotosIcon.swift in Sources */ = {isa = PBXBuildFile; fileRef = 83D63E00271F31C0005C56D2 /* PhotosIcon.swift */; };
		83D909B227119B2F00101D1D /* DisneyPlusAddIcon.swift in Sources */ = {isa = PBXBuildFile; fileRef = 83D909B127119B2F00101D1D /* DisneyPlusAddIcon.swift */; };
		83D909BB2711A8C600101D1D /* SafariIcon.swift in Sources */ = {isa = PBXBuildFile; fileRef = 83D909BA2711A8C600101D1D /* SafariIcon.swift */; };
		83D909BD2711C38400101D1D /* TransformingLayoutGuides.swift in Sources */ = {isa = PBXBuildFile; fileRef = 83D909BC2711C38400101D1D /* TransformingLayoutGuides.swift */; };
		83D909BF2711FA5400101D1D /* TransformingAnimatedHeart.swift in Sources */ = {isa = PBXBuildFile; fileRef = 83D909BE2711FA5400101D1D /* TransformingAnimatedHeart.swift */; };
		83D909C12712177000101D1D /* AnimatableModifierDemo.swift in Sources */ = {isa = PBXBuildFile; fileRef = 83D909C02712177000101D1D /* AnimatableModifierDemo.swift */; };
		83D909C327133BC800101D1D /* BreatheAnimation.swift in Sources */ = {isa = PBXBuildFile; fileRef = 83D909C227133BC800101D1D /* BreatheAnimation.swift */; };
		83D909C52713551D00101D1D /* ChromeIcon.swift in Sources */ = {isa = PBXBuildFile; fileRef = 83D909C42713551D00101D1D /* ChromeIcon.swift */; };
		83D909C7271366B000101D1D /* AnimatedTrainWheelDemo.swift in Sources */ = {isa = PBXBuildFile; fileRef = 83D909C6271366B000101D1D /* AnimatedTrainWheelDemo.swift */; };
		83D909C92713671300101D1D /* ConnectedWheelsDemo.swift in Sources */ = {isa = PBXBuildFile; fileRef = 83D909C82713671300101D1D /* ConnectedWheelsDemo.swift */; };
		83FC58FE27149CD300824CA0 /* SettingsIcon.swift in Sources */ = {isa = PBXBuildFile; fileRef = 83FC58FD27149CD300824CA0 /* SettingsIcon.swift */; };
/* End PBXBuildFile section */

/* Begin PBXFileReference section */
		830023102709FDEC00ADE933 /* AnimatedHeartDemo.swift */ = {isa = PBXFileReference; lastKnownFileType = sourcecode.swift; path = AnimatedHeartDemo.swift; sourceTree = "<group>"; };
		83002312270A191200ADE933 /* VisualisingCustomTimingCurvesDemo.swift */ = {isa = PBXFileReference; lastKnownFileType = sourcecode.swift; path = VisualisingCustomTimingCurvesDemo.swift; sourceTree = "<group>"; };
		83002314270A308D00ADE933 /* CaptainAmericaShield.swift */ = {isa = PBXFileReference; lastKnownFileType = sourcecode.swift; path = CaptainAmericaShield.swift; sourceTree = "<group>"; };
		830ECBEF271CB697006F48FC /* StickyToggle.swift */ = {isa = PBXFileReference; lastKnownFileType = sourcecode.swift; path = StickyToggle.swift; sourceTree = "<group>"; };
		83263D492708BF920017BBFC /* Scratch.app */ = {isa = PBXFileReference; explicitFileType = wrapper.application; includeInIndex = 0; path = Scratch.app; sourceTree = BUILT_PRODUCTS_DIR; };
		83263D4C2708BF920017BBFC /* ScratchApp.swift */ = {isa = PBXFileReference; lastKnownFileType = sourcecode.swift; path = ScratchApp.swift; sourceTree = "<group>"; };
		83263D4E2708BF920017BBFC /* MyFitnessPalAddAnimation.swift */ = {isa = PBXFileReference; lastKnownFileType = sourcecode.swift; path = MyFitnessPalAddAnimation.swift; sourceTree = "<group>"; };
		83263D502708BF930017BBFC /* Assets.xcassets */ = {isa = PBXFileReference; lastKnownFileType = folder.assetcatalog; path = Assets.xcassets; sourceTree = "<group>"; };
		83263D532708BF930017BBFC /* Preview Assets.xcassets */ = {isa = PBXFileReference; lastKnownFileType = folder.assetcatalog; path = "Preview Assets.xcassets"; sourceTree = "<group>"; };
		83263D5E2708EDB40017BBFC /* GridLayoutArrowDemo.swift */ = {isa = PBXFileReference; lastKnownFileType = sourcecode.swift; path = GridLayoutArrowDemo.swift; sourceTree = "<group>"; };
		83263D602708F36E0017BBFC /* PolarLayoutStarDemo.swift */ = {isa = PBXFileReference; lastKnownFileType = sourcecode.swift; path = PolarLayoutStarDemo.swift; sourceTree = "<group>"; };
		83263D622708F93A0017BBFC /* HeartDemo.swift */ = {isa = PBXFileReference; lastKnownFileType = sourcecode.swift; path = HeartDemo.swift; sourceTree = "<group>"; };
		83263D642709F81C0017BBFC /* AnimatedArrowDemo.swift */ = {isa = PBXFileReference; lastKnownFileType = sourcecode.swift; path = AnimatedArrowDemo.swift; sourceTree = "<group>"; };
		83320610270B429A006B8B25 /* AnimatedApertureDemo.swift */ = {isa = PBXFileReference; lastKnownFileType = sourcecode.swift; path = AnimatedApertureDemo.swift; sourceTree = "<group>"; };
		83BB9241270CC94C00C1E842 /* UpArrowToTickIconDemo.swift */ = {isa = PBXFileReference; lastKnownFileType = sourcecode.swift; path = UpArrowToTickIconDemo.swift; sourceTree = "<group>"; };
		83D63DFE271F1AFD005C56D2 /* ShazamOpeningAnimation.swift */ = {isa = PBXFileReference; lastKnownFileType = sourcecode.swift; path = ShazamOpeningAnimation.swift; sourceTree = "<group>"; };
		83D63E00271F31C0005C56D2 /* PhotosIcon.swift */ = {isa = PBXFileReference; lastKnownFileType = sourcecode.swift; path = PhotosIcon.swift; sourceTree = "<group>"; };
		83D909B127119B2F00101D1D /* DisneyPlusAddIcon.swift */ = {isa = PBXFileReference; lastKnownFileType = sourcecode.swift; path = DisneyPlusAddIcon.swift; sourceTree = "<group>"; };
		83D909BA2711A8C600101D1D /* SafariIcon.swift */ = {isa = PBXFileReference; lastKnownFileType = sourcecode.swift; path = SafariIcon.swift; sourceTree = "<group>"; };
		83D909BC2711C38400101D1D /* TransformingLayoutGuides.swift */ = {isa = PBXFileReference; lastKnownFileType = sourcecode.swift; path = TransformingLayoutGuides.swift; sourceTree = "<group>"; };
		83D909BE2711FA5400101D1D /* TransformingAnimatedHeart.swift */ = {isa = PBXFileReference; lastKnownFileType = sourcecode.swift; path = TransformingAnimatedHeart.swift; sourceTree = "<group>"; };
		83D909C02712177000101D1D /* AnimatableModifierDemo.swift */ = {isa = PBXFileReference; lastKnownFileType = sourcecode.swift; path = AnimatableModifierDemo.swift; sourceTree = "<group>"; };
		83D909C227133BC800101D1D /* BreatheAnimation.swift */ = {isa = PBXFileReference; lastKnownFileType = sourcecode.swift; path = BreatheAnimation.swift; sourceTree = "<group>"; };
		83D909C42713551D00101D1D /* ChromeIcon.swift */ = {isa = PBXFileReference; lastKnownFileType = sourcecode.swift; path = ChromeIcon.swift; sourceTree = "<group>"; };
		83D909C6271366B000101D1D /* AnimatedTrainWheelDemo.swift */ = {isa = PBXFileReference; lastKnownFileType = sourcecode.swift; path = AnimatedTrainWheelDemo.swift; sourceTree = "<group>"; };
		83D909C82713671300101D1D /* ConnectedWheelsDemo.swift */ = {isa = PBXFileReference; lastKnownFileType = sourcecode.swift; path = ConnectedWheelsDemo.swift; sourceTree = "<group>"; };
		83FC58FD27149CD300824CA0 /* SettingsIcon.swift */ = {isa = PBXFileReference; lastKnownFileType = sourcecode.swift; path = SettingsIcon.swift; sourceTree = "<group>"; };
/* End PBXFileReference section */

/* Begin PBXFrameworksBuildPhase section */
		83263D462708BF920017BBFC /* Frameworks */ = {
			isa = PBXFrameworksBuildPhase;
			buildActionMask = 2147483647;
			files = (
				83263D5D2708C0FE0017BBFC /* PureSwiftUI in Frameworks */,
			);
			runOnlyForDeploymentPostprocessing = 0;
		};
/* End PBXFrameworksBuildPhase section */

/* Begin PBXGroup section */
		83263D402708BF920017BBFC = {
			isa = PBXGroup;
			children = (
				83263D4B2708BF920017BBFC /* Scratch */,
				83263D4A2708BF920017BBFC /* Products */,
			);
			sourceTree = "<group>";
		};
		83263D4A2708BF920017BBFC /* Products */ = {
			isa = PBXGroup;
			children = (
				83263D492708BF920017BBFC /* Scratch.app */,
			);
			name = Products;
			sourceTree = "<group>";
		};
		83263D4B2708BF920017BBFC /* Scratch */ = {
			isa = PBXGroup;
			children = (
				83D909C02712177000101D1D /* AnimatableModifierDemo.swift */,
				83320610270B429A006B8B25 /* AnimatedApertureDemo.swift */,
				83263D642709F81C0017BBFC /* AnimatedArrowDemo.swift */,
				830023102709FDEC00ADE933 /* AnimatedHeartDemo.swift */,
				83D909C6271366B000101D1D /* AnimatedTrainWheelDemo.swift */,
				83D909C227133BC800101D1D /* BreatheAnimation.swift */,
				83002314270A308D00ADE933 /* CaptainAmericaShield.swift */,
				83D909C42713551D00101D1D /* ChromeIcon.swift */,
				83D909C82713671300101D1D /* ConnectedWheelsDemo.swift */,
				83D909B127119B2F00101D1D /* DisneyPlusAddIcon.swift */,
				83263D5E2708EDB40017BBFC /* GridLayoutArrowDemo.swift */,
				83263D622708F93A0017BBFC /* HeartDemo.swift */,
				83263D4E2708BF920017BBFC /* MyFitnessPalAddAnimation.swift */,
				83D63E00271F31C0005C56D2 /* PhotosIcon.swift */,
				83263D602708F36E0017BBFC /* PolarLayoutStarDemo.swift */,
				83D909BA2711A8C600101D1D /* SafariIcon.swift */,
				83263D4C2708BF920017BBFC /* ScratchApp.swift */,
				83FC58FD27149CD300824CA0 /* SettingsIcon.swift */,
				83D63DFE271F1AFD005C56D2 /* ShazamOpeningAnimation.swift */,
				830ECBEF271CB697006F48FC /* StickyToggle.swift */,
				83D909BE2711FA5400101D1D /* TransformingAnimatedHeart.swift */,
				83D909BC2711C38400101D1D /* TransformingLayoutGuides.swift */,
				83BB9241270CC94C00C1E842 /* UpArrowToTickIconDemo.swift */,
				83002312270A191200ADE933 /* VisualisingCustomTimingCurvesDemo.swift */,
				83263D502708BF930017BBFC /* Assets.xcassets */,
				83263D522708BF930017BBFC /* Preview Content */,
			);
			path = Scratch;
			sourceTree = "<group>";
		};
		83263D522708BF930017BBFC /* Preview Content */ = {
			isa = PBXGroup;
			children = (
				83263D532708BF930017BBFC /* Preview Assets.xcassets */,
			);
			path = "Preview Content";
			sourceTree = "<group>";
		};
/* End PBXGroup section */

/* Begin PBXNativeTarget section */
		83263D482708BF920017BBFC /* Scratch */ = {
			isa = PBXNativeTarget;
			buildConfigurationList = 83263D572708BF930017BBFC /* Build configuration list for PBXNativeTarget "Scratch" */;
			buildPhases = (
				83263D452708BF920017BBFC /* Sources */,
				83263D462708BF920017BBFC /* Frameworks */,
				83263D472708BF920017BBFC /* Resources */,
			);
			buildRules = (
			);
			dependencies = (
			);
			name = Scratch;
			packageProductDependencies = (
				83263D5C2708C0FE0017BBFC /* PureSwiftUI */,
			);
			productName = Scratch;
			productReference = 83263D492708BF920017BBFC /* Scratch.app */;
			productType = "com.apple.product-type.application";
		};
/* End PBXNativeTarget section */

/* Begin PBXProject section */
		83263D412708BF920017BBFC /* Project object */ = {
			isa = PBXProject;
			attributes = {
				BuildIndependentTargetsInParallel = 1;
				LastSwiftUpdateCheck = 1300;
				LastUpgradeCheck = 1300;
				TargetAttributes = {
					83263D482708BF920017BBFC = {
						CreatedOnToolsVersion = 13.0;
					};
				};
			};
			buildConfigurationList = 83263D442708BF920017BBFC /* Build configuration list for PBXProject "Scratch" */;
			compatibilityVersion = "Xcode 13.0";
			developmentRegion = en;
			hasScannedForEncodings = 0;
			knownRegions = (
				en,
				Base,
			);
			mainGroup = 83263D402708BF920017BBFC;
			packageReferences = (
				83263D5B2708C0FE0017BBFC /* XCRemoteSwiftPackageReference "pure-swift-ui" */,
			);
			productRefGroup = 83263D4A2708BF920017BBFC /* Products */;
			projectDirPath = "";
			projectRoot = "";
			targets = (
				83263D482708BF920017BBFC /* Scratch */,
			);
		};
/* End PBXProject section */

/* Begin PBXResourcesBuildPhase section */
		83263D472708BF920017BBFC /* Resources */ = {
			isa = PBXResourcesBuildPhase;
			buildActionMask = 2147483647;
			files = (
				83263D542708BF930017BBFC /* Preview Assets.xcassets in Resources */,
				83263D512708BF930017BBFC /* Assets.xcassets in Resources */,
			);
			runOnlyForDeploymentPostprocessing = 0;
		};
/* End PBXResourcesBuildPhase section */

/* Begin PBXSourcesBuildPhase section */
		83263D452708BF920017BBFC /* Sources */ = {
			isa = PBXSourcesBuildPhase;
			buildActionMask = 2147483647;
			files = (
				83D909C52713551D00101D1D /* ChromeIcon.swift in Sources */,
				83D63E01271F31C0005C56D2 /* PhotosIcon.swift in Sources */,
				83D909B227119B2F00101D1D /* DisneyPlusAddIcon.swift in Sources */,
				83002313270A191200ADE933 /* VisualisingCustomTimingCurvesDemo.swift in Sources */,
				83263D632708F93A0017BBFC /* HeartDemo.swift in Sources */,
				83263D4F2708BF920017BBFC /* MyFitnessPalAddAnimation.swift in Sources */,
				83320611270B429A006B8B25 /* AnimatedApertureDemo.swift in Sources */,
				83D909BF2711FA5400101D1D /* TransformingAnimatedHeart.swift in Sources */,
				83002315270A308D00ADE933 /* CaptainAmericaShield.swift in Sources */,
				83D909BD2711C38400101D1D /* TransformingLayoutGuides.swift in Sources */,
				83D909BB2711A8C600101D1D /* SafariIcon.swift in Sources */,
				83D909C12712177000101D1D /* AnimatableModifierDemo.swift in Sources */,
				83263D4D2708BF920017BBFC /* ScratchApp.swift in Sources */,
				83D63DFF271F1AFD005C56D2 /* ShazamOpeningAnimation.swift in Sources */,
				830ECBF0271CB697006F48FC /* StickyToggle.swift in Sources */,
				83263D5F2708EDB40017BBFC /* GridLayoutArrowDemo.swift in Sources */,
				83FC58FE27149CD300824CA0 /* SettingsIcon.swift in Sources */,
				830023112709FDEC00ADE933 /* AnimatedHeartDemo.swift in Sources */,
				83D909C7271366B000101D1D /* AnimatedTrainWheelDemo.swift in Sources */,
				83263D612708F36E0017BBFC /* PolarLayoutStarDemo.swift in Sources */,
				83D909C92713671300101D1D /* ConnectedWheelsDemo.swift in Sources */,
				83D909C327133BC800101D1D /* BreatheAnimation.swift in Sources */,
				83BB9242270CC94C00C1E842 /* UpArrowToTickIconDemo.swift in Sources */,
				83263D652709F81C0017BBFC /* AnimatedArrowDemo.swift in Sources */,
			);
			runOnlyForDeploymentPostprocessing = 0;
		};
/* End PBXSourcesBuildPhase section */

/* Begin XCBuildConfiguration section */
		83263D552708BF930017BBFC /* Debug */ = {
			isa = XCBuildConfiguration;
			buildSettings = {
				ALWAYS_SEARCH_USER_PATHS = NO;
				CLANG_ANALYZER_NONNULL = YES;
				CLANG_ANALYZER_NUMBER_OBJECT_CONVERSION = YES_AGGRESSIVE;
				CLANG_CXX_LANGUAGE_STANDARD = "gnu++17";
				CLANG_CXX_LIBRARY = "libc++";
				CLANG_ENABLE_MODULES = YES;
				CLANG_ENABLE_OBJC_ARC = YES;
				CLANG_ENABLE_OBJC_WEAK = YES;
				CLANG_WARN_BLOCK_CAPTURE_AUTORELEASING = YES;
				CLANG_WARN_BOOL_CONVERSION = YES;
				CLANG_WARN_COMMA = YES;
				CLANG_WARN_CONSTANT_CONVERSION = YES;
				CLANG_WARN_DEPRECATED_OBJC_IMPLEMENTATIONS = YES;
				CLANG_WARN_DIRECT_OBJC_ISA_USAGE = YES_ERROR;
				CLANG_WARN_DOCUMENTATION_COMMENTS = YES;
				CLANG_WARN_EMPTY_BODY = YES;
				CLANG_WARN_ENUM_CONVERSION = YES;
				CLANG_WARN_INFINITE_RECURSION = YES;
				CLANG_WARN_INT_CONVERSION = YES;
				CLANG_WARN_NON_LITERAL_NULL_CONVERSION = YES;
				CLANG_WARN_OBJC_IMPLICIT_RETAIN_SELF = YES;
				CLANG_WARN_OBJC_LITERAL_CONVERSION = YES;
				CLANG_WARN_OBJC_ROOT_CLASS = YES_ERROR;
				CLANG_WARN_QUOTED_INCLUDE_IN_FRAMEWORK_HEADER = YES;
				CLANG_WARN_RANGE_LOOP_ANALYSIS = YES;
				CLANG_WARN_STRICT_PROTOTYPES = YES;
				CLANG_WARN_SUSPICIOUS_MOVE = YES;
				CLANG_WARN_UNGUARDED_AVAILABILITY = YES_AGGRESSIVE;
				CLANG_WARN_UNREACHABLE_CODE = YES;
				CLANG_WARN__DUPLICATE_METHOD_MATCH = YES;
				COPY_PHASE_STRIP = NO;
				DEBUG_INFORMATION_FORMAT = dwarf;
				ENABLE_STRICT_OBJC_MSGSEND = YES;
				ENABLE_TESTABILITY = YES;
				GCC_C_LANGUAGE_STANDARD = gnu11;
				GCC_DYNAMIC_NO_PIC = NO;
				GCC_NO_COMMON_BLOCKS = YES;
				GCC_OPTIMIZATION_LEVEL = 0;
				GCC_PREPROCESSOR_DEFINITIONS = (
					"DEBUG=1",
					"$(inherited)",
				);
				GCC_WARN_64_TO_32_BIT_CONVERSION = YES;
				GCC_WARN_ABOUT_RETURN_TYPE = YES_ERROR;
				GCC_WARN_UNDECLARED_SELECTOR = YES;
				GCC_WARN_UNINITIALIZED_AUTOS = YES_AGGRESSIVE;
				GCC_WARN_UNUSED_FUNCTION = YES;
				GCC_WARN_UNUSED_VARIABLE = YES;
				IPHONEOS_DEPLOYMENT_TARGET = 15.0;
				MTL_ENABLE_DEBUG_INFO = INCLUDE_SOURCE;
				MTL_FAST_MATH = YES;
				ONLY_ACTIVE_ARCH = YES;
				SDKROOT = iphoneos;
				SWIFT_ACTIVE_COMPILATION_CONDITIONS = DEBUG;
				SWIFT_OPTIMIZATION_LEVEL = "-Onone";
			};
			name = Debug;
		};
		83263D562708BF930017BBFC /* Release */ = {
			isa = XCBuildConfiguration;
			buildSettings = {
				ALWAYS_SEARCH_USER_PATHS = NO;
				CLANG_ANALYZER_NONNULL = YES;
				CLANG_ANALYZER_NUMBER_OBJECT_CONVERSION = YES_AGGRESSIVE;
				CLANG_CXX_LANGUAGE_STANDARD = "gnu++17";
				CLANG_CXX_LIBRARY = "libc++";
				CLANG_ENABLE_MODULES = YES;
				CLANG_ENABLE_OBJC_ARC = YES;
				CLANG_ENABLE_OBJC_WEAK = YES;
				CLANG_WARN_BLOCK_CAPTURE_AUTORELEASING = YES;
				CLANG_WARN_BOOL_CONVERSION = YES;
				CLANG_WARN_COMMA = YES;
				CLANG_WARN_CONSTANT_CONVERSION = YES;
				CLANG_WARN_DEPRECATED_OBJC_IMPLEMENTATIONS = YES;
				CLANG_WARN_DIRECT_OBJC_ISA_USAGE = YES_ERROR;
				CLANG_WARN_DOCUMENTATION_COMMENTS = YES;
				CLANG_WARN_EMPTY_BODY = YES;
				CLANG_WARN_ENUM_CONVERSION = YES;
				CLANG_WARN_INFINITE_RECURSION = YES;
				CLANG_WARN_INT_CONVERSION = YES;
				CLANG_WARN_NON_LITERAL_NULL_CONVERSION = YES;
				CLANG_WARN_OBJC_IMPLICIT_RETAIN_SELF = YES;
				CLANG_WARN_OBJC_LITERAL_CONVERSION = YES;
				CLANG_WARN_OBJC_ROOT_CLASS = YES_ERROR;
				CLANG_WARN_QUOTED_INCLUDE_IN_FRAMEWORK_HEADER = YES;
				CLANG_WARN_RANGE_LOOP_ANALYSIS = YES;
				CLANG_WARN_STRICT_PROTOTYPES = YES;
				CLANG_WARN_SUSPICIOUS_MOVE = YES;
				CLANG_WARN_UNGUARDED_AVAILABILITY = YES_AGGRESSIVE;
				CLANG_WARN_UNREACHABLE_CODE = YES;
				CLANG_WARN__DUPLICATE_METHOD_MATCH = YES;
				COPY_PHASE_STRIP = NO;
				DEBUG_INFORMATION_FORMAT = "dwarf-with-dsym";
				ENABLE_NS_ASSERTIONS = NO;
				ENABLE_STRICT_OBJC_MSGSEND = YES;
				GCC_C_LANGUAGE_STANDARD = gnu11;
				GCC_NO_COMMON_BLOCKS = YES;
				GCC_WARN_64_TO_32_BIT_CONVERSION = YES;
				GCC_WARN_ABOUT_RETURN_TYPE = YES_ERROR;
				GCC_WARN_UNDECLARED_SELECTOR = YES;
				GCC_WARN_UNINITIALIZED_AUTOS = YES_AGGRESSIVE;
				GCC_WARN_UNUSED_FUNCTION = YES;
				GCC_WARN_UNUSED_VARIABLE = YES;
				IPHONEOS_DEPLOYMENT_TARGET = 15.0;
				MTL_ENABLE_DEBUG_INFO = NO;
				MTL_FAST_MATH = YES;
				SDKROOT = iphoneos;
				SWIFT_COMPILATION_MODE = wholemodule;
				SWIFT_OPTIMIZATION_LEVEL = "-O";
				VALIDATE_PRODUCT = YES;
			};
			name = Release;
		};
		83263D582708BF930017BBFC /* Debug */ = {
			isa = XCBuildConfiguration;
			buildSettings = {
				ASSETCATALOG_COMPILER_APPICON_NAME = AppIcon;
				ASSETCATALOG_COMPILER_GLOBAL_ACCENT_COLOR_NAME = AccentColor;
				CODE_SIGN_STYLE = Automatic;
				CURRENT_PROJECT_VERSION = 1;
				DEVELOPMENT_ASSET_PATHS = "\"Scratch/Preview Content\"";
				DEVELOPMENT_TEAM = EL8Z296J47;
				ENABLE_PREVIEWS = YES;
				GENERATE_INFOPLIST_FILE = YES;
				INFOPLIST_KEY_UIApplicationSceneManifest_Generation = YES;
				INFOPLIST_KEY_UIApplicationSupportsIndirectInputEvents = YES;
				INFOPLIST_KEY_UILaunchScreen_Generation = YES;
				INFOPLIST_KEY_UISupportedInterfaceOrientations_iPad = "UIInterfaceOrientationPortrait UIInterfaceOrientationPortraitUpsideDown UIInterfaceOrientationLandscapeLeft UIInterfaceOrientationLandscapeRight";
				INFOPLIST_KEY_UISupportedInterfaceOrientations_iPhone = "UIInterfaceOrientationPortrait UIInterfaceOrientationLandscapeLeft UIInterfaceOrientationLandscapeRight";
				IPHONEOS_DEPLOYMENT_TARGET = 14.0;
				LD_RUNPATH_SEARCH_PATHS = (
					"$(inherited)",
					"@executable_path/Frameworks",
				);
				MARKETING_VERSION = 1.0;
				PRODUCT_BUNDLE_IDENTIFIER = net.chrissearle.Scratch;
				PRODUCT_NAME = "$(TARGET_NAME)";
				SWIFT_EMIT_LOC_STRINGS = YES;
				SWIFT_VERSION = 5.0;
				TARGETED_DEVICE_FAMILY = "1,2";
			};
			name = Debug;
		};
		83263D592708BF930017BBFC /* Release */ = {
			isa = XCBuildConfiguration;
			buildSettings = {
				ASSETCATALOG_COMPILER_APPICON_NAME = AppIcon;
				ASSETCATALOG_COMPILER_GLOBAL_ACCENT_COLOR_NAME = AccentColor;
				CODE_SIGN_STYLE = Automatic;
				CURRENT_PROJECT_VERSION = 1;
				DEVELOPMENT_ASSET_PATHS = "\"Scratch/Preview Content\"";
				DEVELOPMENT_TEAM = EL8Z296J47;
				ENABLE_PREVIEWS = YES;
				GENERATE_INFOPLIST_FILE = YES;
				INFOPLIST_KEY_UIApplicationSceneManifest_Generation = YES;
				INFOPLIST_KEY_UIApplicationSupportsIndirectInputEvents = YES;
				INFOPLIST_KEY_UILaunchScreen_Generation = YES;
				INFOPLIST_KEY_UISupportedInterfaceOrientations_iPad = "UIInterfaceOrientationPortrait UIInterfaceOrientationPortraitUpsideDown UIInterfaceOrientationLandscapeLeft UIInterfaceOrientationLandscapeRight";
				INFOPLIST_KEY_UISupportedInterfaceOrientations_iPhone = "UIInterfaceOrientationPortrait UIInterfaceOrientationLandscapeLeft UIInterfaceOrientationLandscapeRight";
				IPHONEOS_DEPLOYMENT_TARGET = 14.0;
				LD_RUNPATH_SEARCH_PATHS = (
					"$(inherited)",
					"@executable_path/Frameworks",
				);
				MARKETING_VERSION = 1.0;
				PRODUCT_BUNDLE_IDENTIFIER = net.chrissearle.Scratch;
				PRODUCT_NAME = "$(TARGET_NAME)";
				SWIFT_EMIT_LOC_STRINGS = YES;
				SWIFT_VERSION = 5.0;
				TARGETED_DEVICE_FAMILY = "1,2";
			};
			name = Release;
		};
/* End XCBuildConfiguration section */

/* Begin XCConfigurationList section */
		83263D442708BF920017BBFC /* Build configuration list for PBXProject "Scratch" */ = {
			isa = XCConfigurationList;
			buildConfigurations = (
				83263D552708BF930017BBFC /* Debug */,
				83263D562708BF930017BBFC /* Release */,
			);
			defaultConfigurationIsVisible = 0;
			defaultConfigurationName = Release;
		};
		83263D572708BF930017BBFC /* Build configuration list for PBXNativeTarget "Scratch" */ = {
			isa = XCConfigurationList;
			buildConfigurations = (
				83263D582708BF930017BBFC /* Debug */,
				83263D592708BF930017BBFC /* Release */,
			);
			defaultConfigurationIsVisible = 0;
			defaultConfigurationName = Release;
		};
/* End XCConfigurationList section */

/* Begin XCRemoteSwiftPackageReference section */
		83263D5B2708C0FE0017BBFC /* XCRemoteSwiftPackageReference "pure-swift-ui" */ = {
			isa = XCRemoteSwiftPackageReference;
			repositoryURL = "https://github.com/CodeSlicing/pure-swift-ui.git";
			requirement = {
				kind = upToNextMajorVersion;
				minimumVersion = 2.0.0;
			};
		};
/* End XCRemoteSwiftPackageReference section */

/* Begin XCSwiftPackageProductDependency section */
		83263D5C2708C0FE0017BBFC /* PureSwiftUI */ = {
			isa = XCSwiftPackageProductDependency;
			package = 83263D5B2708C0FE0017BBFC /* XCRemoteSwiftPackageReference "pure-swift-ui" */;
			productName = PureSwiftUI;
		};
/* End XCSwiftPackageProductDependency section */
	};
	rootObject = 83263D412708BF920017BBFC /* Project object */;
}
