{
  "object": {
    "pins": [
      {
        "package": "PureSwiftUI",
        "repositoryURL": "https://github.com/CodeSlicing/pure-swift-ui.git",
        "state": {
          "branch": null,
          "revision": "0b97a082a1626d535162739a2fb8384da0659620",
          "version": "2.1.5"
        }
      }
    ]
  },
  "version": 1
}
